
Microsoft Visual Studio Solution File, Format Version 12.00
# Visual Studio Version 16
VisualStudioVersion = 25.0.1706.11
MinimumVisualStudioVersion = 10.0.40219.1
Project("{FAE04EC0-301F-11D3-BF4B-00C04F79EFBC}") = "TriangleTIdentifier", "TriangleTIdentifier\TriangleTIdentifier.csproj", "{2FD81022-B3AB-41A3-B9BB-F981E96195EB}"
EndProject
Global
	GlobalSection(SolutionConfigurationPlatforms) = preSolution
		Debug|Any CPU = Debug|Any CPU
		Release|Any CPU = Release|Any CPU
	EndGlobalSection
	GlobalSection(ProjectConfigurationPlatforms) = postSolution
		{2FD81022-B3AB-41A3-B9BB-F981E96195EB}.Debug|Any CPU.ActiveCfg = Debug|Any CPU
		{2FD81022-B3AB-41A3-B9BB-F981E96195EB}.Debug|Any CPU.Build.0 = Debug|Any CPU
		{2FD81022-B3AB-41A3-B9BB-F981E96195EB}.Release|Any CPU.ActiveCfg = Release|Any CPU
		{2FD81022-B3AB-41A3-B9BB-F981E96195EB}.Release|Any CPU.Build.0 = Release|Any CPU
	EndGlobalSection
	GlobalSection(SolutionProperties) = preSolution
		HideSolutionNode = FALSE
	EndGlobalSection
	GlobalSection(ExtensibilityGlobals) = postSolution
		SolutionGuid = {341C7059-FA38-4E5F-8507-B3DDD1218EA4}
	EndGlobalSection
EndGlobal
